
Microsoft Visual Studio Solution File, Format Version 12.00
# Visual Studio Version 17
VisualStudioVersion = 17.0.31903.59
MinimumVisualStudioVersion = 10.0.40219.1
Project("{2150E333-8FDC-42A3-9474-1A3956D46DE8}") = "src", "src", "{827E0CD3-B72D-47B6-A68D-7590B98EB39B}"
EndProject
Project("{FAE04EC0-301F-11D3-BF4B-00C04F79EFBC}") = "ClientpatchManager.Core", "src\ClientpatchManager.Core\ClientpatchManager.Core.csproj", "{F73DA4FB-5EF8-4B60-B6FD-C7595B5CD1AD}"
EndProject
Project("{FAE04EC0-301F-11D3-BF4B-00C04F79EFBC}") = "ClientpatchManager.App", "src\ClientpatchManager.App\ClientpatchManager.App.csproj", "{26B5DCE1-4858-4B29-95BC-057E6C5F0F9E}"
EndProject
Project("{2150E333-8FDC-42A3-9474-1A3956D46DE8}") = "tests", "tests", "{0AB3BF05-4346-4AA6-1389-037BE0695223}"
EndProject
Project("{FAE04EC0-301F-11D3-BF4B-00C04F79EFBC}") = "ClientpatchManager.Core.Tests", "tests\ClientpatchManager.Core.Tests\ClientpatchManager.Core.Tests.csproj", "{10403846-56F5-4D32-B142-13B2EA5DBA87}"
EndProject
Project("{FAE04EC0-301F-11D3-BF4B-00C04F79EFBC}") = "ClientpatchManager.App.Tests", "tests\ClientpatchManager.App.Tests\ClientpatchManager.App.Tests.csproj", "{C80F131D-C2D2-4A6D-8775-61AB2C5CB0AB}"
EndProject
Global
	GlobalSection(SolutionConfigurationPlatforms) = preSolution
		Debug|Any CPU = Debug|Any CPU
		Debug|x64 = Debug|x64
		Debug|x86 = Debug|x86
		Release|Any CPU = Release|Any CPU
		Release|x64 = Release|x64
		Release|x86 = Release|x86
	EndGlobalSection
	GlobalSection(ProjectConfigurationPlatforms) = postSolution
		{F73DA4FB-5EF8-4B60-B6FD-C7595B5CD1AD}.Debug|Any CPU.ActiveCfg = Debug|Any CPU
		{F73DA4FB-5EF8-4B60-B6FD-C7595B5CD1AD}.Debug|Any CPU.Build.0 = Debug|Any CPU
		{F73DA4FB-5EF8-4B60-B6FD-C7595B5CD1AD}.Debug|x64.ActiveCfg = Debug|Any CPU
		{F73DA4FB-5EF8-4B60-B6FD-C7595B5CD1AD}.Debug|x64.Build.0 = Debug|Any CPU
		{F73DA4FB-5EF8-4B60-B6FD-C7595B5CD1AD}.Debug|x86.ActiveCfg = Debug|Any CPU
		{F73DA4FB-5EF8-4B60-B6FD-C7595B5CD1AD}.Debug|x86.Build.0 = Debug|Any CPU
		{F73DA4FB-5EF8-4B60-B6FD-C7595B5CD1AD}.Release|Any CPU.ActiveCfg = Release|Any CPU
		{F73DA4FB-5EF8-4B60-B6FD-C7595B5CD1AD}.Release|Any CPU.Build.0 = Release|Any CPU
		{F73DA4FB-5EF8-4B60-B6FD-C7595B5CD1AD}.Release|x64.ActiveCfg = Release|Any CPU
		{F73DA4FB-5EF8-4B60-B6FD-C7595B5CD1AD}.Release|x64.Build.0 = Release|Any CPU
		{F73DA4FB-5EF8-4B60-B6FD-C7595B5CD1AD}.Release|x86.ActiveCfg = Release|Any CPU
		{F73DA4FB-5EF8-4B60-B6FD-C7595B5CD1AD}.Release|x86.Build.0 = Release|Any CPU
		{26B5DCE1-4858-4B29-95BC-057E6C5F0F9E}.Debug|Any CPU.ActiveCfg = Debug|Any CPU
		{26B5DCE1-4858-4B29-95BC-057E6C5F0F9E}.Debug|Any CPU.Build.0 = Debug|Any CPU
		{26B5DCE1-4858-4B29-95BC-057E6C5F0F9E}.Debug|x64.ActiveCfg = Debug|Any CPU
		{26B5DCE1-4858-4B29-95BC-057E6C5F0F9E}.Debug|x64.Build.0 = Debug|Any CPU
		{26B5DCE1-4858-4B29-95BC-057E6C5F0F9E}.Debug|x86.ActiveCfg = Debug|Any CPU
		{26B5DCE1-4858-4B29-95BC-057E6C5F0F9E}.Debug|x86.Build.0 = Debug|Any CPU
		{26B5DCE1-4858-4B29-95BC-057E6C5F0F9E}.Release|Any CPU.ActiveCfg = Release|Any CPU
		{26B5DCE1-4858-4B29-95BC-057E6C5F0F9E}.Release|Any CPU.Build.0 = Release|Any CPU
		{26B5DCE1-4858-4B29-95BC-057E6C5F0F9E}.Release|x64.ActiveCfg = Release|Any CPU
		{26B5DCE1-4858-4B29-95BC-057E6C5F0F9E}.Release|x64.Build.0 = Release|Any CPU
		{26B5DCE1-4858-4B29-95BC-057E6C5F0F9E}.Release|x86.ActiveCfg = Release|Any CPU
		{26B5DCE1-4858-4B29-95BC-057E6C5F0F9E}.Release|x86.Build.0 = Release|Any CPU
		{10403846-56F5-4D32-B142-13B2EA5DBA87}.Debug|Any CPU.ActiveCfg = Debug|Any CPU
		{10403846-56F5-4D32-B142-13B2EA5DBA87}.Debug|Any CPU.Build.0 = Debug|Any CPU
		{10403846-56F5-4D32-B142-13B2EA5DBA87}.Debug|x64.ActiveCfg = Debug|Any CPU
		{10403846-56F5-4D32-B142-13B2EA5DBA87}.Debug|x64.Build.0 = Debug|Any CPU
		{10403846-56F5-4D32-B142-13B2EA5DBA87}.Debug|x86.ActiveCfg = Debug|Any CPU
		{10403846-56F5-4D32-B142-13B2EA5DBA87}.Debug|x86.Build.0 = Debug|Any CPU
		{10403846-56F5-4D32-B142-13B2EA5DBA87}.Release|Any CPU.ActiveCfg = Release|Any CPU
		{10403846-56F5-4D32-B142-13B2EA5DBA87}.Release|Any CPU.Build.0 = Release|Any CPU
		{10403846-56F5-4D32-B142-13B2EA5DBA87}.Release|x64.ActiveCfg = Release|Any CPU
		{10403846-56F5-4D32-B142-13B2EA5DBA87}.Release|x64.Build.0 = Release|Any CPU
		{10403846-56F5-4D32-B142-13B2EA5DBA87}.Release|x86.ActiveCfg = Release|Any CPU
		{10403846-56F5-4D32-B142-13B2EA5DBA87}.Release|x86.Build.0 = Release|Any CPU
		{C80F131D-C2D2-4A6D-8775-61AB2C5CB0AB}.Debug|Any CPU.ActiveCfg = Debug|Any CPU
		{C80F131D-C2D2-4A6D-8775-61AB2C5CB0AB}.Debug|Any CPU.Build.0 = Debug|Any CPU
		{C80F131D-C2D2-4A6D-8775-61AB2C5CB0AB}.Debug|x64.ActiveCfg = Debug|Any CPU
		{C80F131D-C2D2-4A6D-8775-61AB2C5CB0AB}.Debug|x64.Build.0 = Debug|Any CPU
		{C80F131D-C2D2-4A6D-8775-61AB2C5CB0AB}.Debug|x86.ActiveCfg = Debug|Any CPU
		{C80F131D-C2D2-4A6D-8775-61AB2C5CB0AB}.Debug|x86.Build.0 = Debug|Any CPU
		{C80F131D-C2D2-4A6D-8775-61AB2C5CB0AB}.Release|Any CPU.ActiveCfg = Release|Any CPU
		{C80F131D-C2D2-4A6D-8775-61AB2C5CB0AB}.Release|Any CPU.Build.0 = Release|Any CPU
		{C80F131D-C2D2-4A6D-8775-61AB2C5CB0AB}.Release|x64.ActiveCfg = Release|Any CPU
		{C80F131D-C2D2-4A6D-8775-61AB2C5CB0AB}.Release|x64.Build.0 = Release|Any CPU
		{C80F131D-C2D2-4A6D-8775-61AB2C5CB0AB}.Release|x86.ActiveCfg = Release|Any CPU
		{C80F131D-C2D2-4A6D-8775-61AB2C5CB0AB}.Release|x86.Build.0 = Release|Any CPU
	EndGlobalSection
	GlobalSection(SolutionProperties) = preSolution
		HideSolutionNode = FALSE
	EndGlobalSection
	GlobalSection(NestedProjects) = preSolution
		{F73DA4FB-5EF8-4B60-B6FD-C7595B5CD1AD} = {827E0CD3-B72D-47B6-A68D-7590B98EB39B}
		{26B5DCE1-4858-4B29-95BC-057E6C5F0F9E} = {827E0CD3-B72D-47B6-A68D-7590B98EB39B}
		{10403846-56F5-4D32-B142-13B2EA5DBA87} = {0AB3BF05-4346-4AA6-1389-037BE0695223}
		{C80F131D-C2D2-4A6D-8775-61AB2C5CB0AB} = {0AB3BF05-4346-4AA6-1389-037BE0695223}
	EndGlobalSection
EndGlobal
